// !$*UTF8*$!
{
	archiveVersion = 1;
	classes = {
	};
	objectVersion = 50;
	objects = {

/* Begin PBXBuildFile section */
		DD78C80D2119A41D0042098F /* AppDelegate.m in Sources */ = {isa = PBXBuildFile; fileRef = DD78C80C2119A41D0042098F /* AppDelegate.m */; };
		DD78C8102119A41D0042098F /* ViewController.m in Sources */ = {isa = PBXBuildFile; fileRef = DD78C80F2119A41D0042098F /* ViewController.m */; };
		DD78C8132119A41D0042098F /* Main.storyboard in Resources */ = {isa = PBXBuildFile; fileRef = DD78C8112119A41D0042098F /* Main.storyboard */; };
		DD78C8152119A4290042098F /* Assets.xcassets in Resources */ = {isa = PBXBuildFile; fileRef = DD78C8142119A4290042098F /* Assets.xcassets */; };
		DD78C8182119A4290042098F /* LaunchScreen.storyboard in Resources */ = {isa = PBXBuildFile; fileRef = DD78C8162119A4290042098F /* LaunchScreen.storyboard */; };
		DD78C81B2119A4290042098F /* main.m in Sources */ = {isa = PBXBuildFile; fileRef = DD78C81A2119A4290042098F /* main.m */; };
		DD78C8252119A4290042098F /* DiffrentCustomTabBarTests.m in Sources */ = {isa = PBXBuildFile; fileRef = DD78C8242119A4290042098F /* DiffrentCustomTabBarTests.m */; };
		DD78C8302119A4290042098F /* DiffrentCustomTabBarUITests.m in Sources */ = {isa = PBXBuildFile; fileRef = DD78C82F2119A4290042098F /* DiffrentCustomTabBarUITests.m */; };
		DD78C83F2119A49E0042098F /* RootTabBarViewController.m in Sources */ = {isa = PBXBuildFile; fileRef = DD78C83E2119A49E0042098F /* RootTabBarViewController.m */; };
		DD78C8422119A4B80042098F /* CustomTabBar.m in Sources */ = {isa = PBXBuildFile; fileRef = DD78C8412119A4B80042098F /* CustomTabBar.m */; };
		DD78C8462119A81D0042098F /* BaseNavViewController.m in Sources */ = {isa = PBXBuildFile; fileRef = DD78C8452119A81D0042098F /* BaseNavViewController.m */; };
		DD78C84C2119A9AD0042098F /* UIViewExt.m in Sources */ = {isa = PBXBuildFile; fileRef = DD78C84B2119A9AD0042098F /* UIViewExt.m */; };
		DD78C84F2119A9B50042098F /* UIView+TYCViewController.m in Sources */ = {isa = PBXBuildFile; fileRef = DD78C84E2119A9B50042098F /* UIView+TYCViewController.m */; };
		DD78C8522119A9ED0042098F /* UIColor+Hex.m in Sources */ = {isa = PBXBuildFile; fileRef = DD78C8502119A9ED0042098F /* UIColor+Hex.m */; };
		DD78C8572119A9FA0042098F /* NSArray+Extension.m in Sources */ = {isa = PBXBuildFile; fileRef = DD78C8532119A9F90042098F /* NSArray+Extension.m */; };
		DD78C8582119A9FA0042098F /* NSDictionary+Extension.m in Sources */ = {isa = PBXBuildFile; fileRef = DD78C8562119A9FA0042098F /* NSDictionary+Extension.m */; };
		DD78C85D211A77F50042098F /* RootTabBarSecondViewController.m in Sources */ = {isa = PBXBuildFile; fileRef = DD78C85C211A77F50042098F /* RootTabBarSecondViewController.m */; };
		DD78C860211A78530042098F /* BaseNavigationViewController.m in Sources */ = {isa = PBXBuildFile; fileRef = DD78C85F211A78530042098F /* BaseNavigationViewController.m */; };
		DD78C863211A78690042098F /* BaseViewController.m in Sources */ = {isa = PBXBuildFile; fileRef = DD78C862211A78690042098F /* BaseViewController.m */; };
		DD78C866211A78990042098F /* CustomSecondTabBar.m in Sources */ = {isa = PBXBuildFile; fileRef = DD78C865211A78990042098F /* CustomSecondTabBar.m */; };
		DD78C869211A79D60042098F /* CustomSecondBarButton.m in Sources */ = {isa = PBXBuildFile; fileRef = DD78C868211A79D60042098F /* CustomSecondBarButton.m */; };
		DD78C86C211A7AA70042098F /* CenterViewController.m in Sources */ = {isa = PBXBuildFile; fileRef = DD78C86B211A7AA70042098F /* CenterViewController.m */; };
		DD78C86F211A7CCF0042098F /* NavigationBarView.m in Sources */ = {isa = PBXBuildFile; fileRef = DD78C86E211A7CCF0042098F /* NavigationBarView.m */; };
		DD78C872211A7DD70042098F /* UIImage+Extension.m in Sources */ = {isa = PBXBuildFile; fileRef = DD78C871211A7DD70042098F /* UIImage+Extension.m */; };
/* End PBXBuildFile section */

/* Begin PBXContainerItemProxy section */
		DD78C8212119A4290042098F /* PBXContainerItemProxy */ = {
			isa = PBXContainerItemProxy;
			containerPortal = DD78C8002119A41D0042098F /* Project object */;
			proxyType = 1;
			remoteGlobalIDString = DD78C8072119A41D0042098F;
			remoteInfo = DiffrentCustomTabBar;
		};
		DD78C82C2119A4290042098F /* PBXContainerItemProxy */ = {
			isa = PBXContainerItemProxy;
			containerPortal = DD78C8002119A41D0042098F /* Project object */;
			proxyType = 1;
			remoteGlobalIDString = DD78C8072119A41D0042098F;
			remoteInfo = DiffrentCustomTabBar;
		};
/* End PBXContainerItemProxy section */

/* Begin PBXFileReference section */
		DD78C8082119A41D0042098F /* DiffrentCustomTabBar.app */ = {isa = PBXFileReference; explicitFileType = wrapper.application; includeInIndex = 0; path = DiffrentCustomTabBar.app; sourceTree = BUILT_PRODUCTS_DIR; };
		DD78C80B2119A41D0042098F /* AppDelegate.h */ = {isa = PBXFileReference; lastKnownFileType = sourcecode.c.h; path = AppDelegate.h; sourceTree = "<group>"; };
		DD78C80C2119A41D0042098F /* AppDelegate.m */ = {isa = PBXFileReference; lastKnownFileType = sourcecode.c.objc; path = AppDelegate.m; sourceTree = "<group>"; };
		DD78C80E2119A41D0042098F /* ViewController.h */ = {isa = PBXFileReference; lastKnownFileType = sourcecode.c.h; path = ViewController.h; sourceTree = "<group>"; };
		DD78C80F2119A41D0042098F /* ViewController.m */ = {isa = PBXFileReference; lastKnownFileType = sourcecode.c.objc; path = ViewController.m; sourceTree = "<group>"; };
		DD78C8122119A41D0042098F /* Base */ = {isa = PBXFileReference; lastKnownFileType = file.storyboard; name = Base; path = Base.lproj/Main.storyboard; sourceTree = "<group>"; };
		DD78C8142119A4290042098F /* Assets.xcassets */ = {isa = PBXFileReference; lastKnownFileType = folder.assetcatalog; path = Assets.xcassets; sourceTree = "<group>"; };
		DD78C8172119A4290042098F /* Base */ = {isa = PBXFileReference; lastKnownFileType = file.storyboard; name = Base; path = Base.lproj/LaunchScreen.storyboard; sourceTree = "<group>"; };
		DD78C8192119A4290042098F /* Info.plist */ = {isa = PBXFileReference; lastKnownFileType = text.plist.xml; path = Info.plist; sourceTree = "<group>"; };
		DD78C81A2119A4290042098F /* main.m */ = {isa = PBXFileReference; lastKnownFileType = sourcecode.c.objc; path = main.m; sourceTree = "<group>"; };
		DD78C8202119A4290042098F /* DiffrentCustomTabBarTests.xctest */ = {isa = PBXFileReference; explicitFileType = wrapper.cfbundle; includeInIndex = 0; path = DiffrentCustomTabBarTests.xctest; sourceTree = BUILT_PRODUCTS_DIR; };
		DD78C8242119A4290042098F /* DiffrentCustomTabBarTests.m */ = {isa = PBXFileReference; lastKnownFileType = sourcecode.c.objc; path = DiffrentCustomTabBarTests.m; sourceTree = "<group>"; };
		DD78C8262119A4290042098F /* Info.plist */ = {isa = PBXFileReference; lastKnownFileType = text.plist.xml; path = Info.plist; sourceTree = "<group>"; };
		DD78C82B2119A4290042098F /* DiffrentCustomTabBarUITests.xctest */ = {isa = PBXFileReference; explicitFileType = wrapper.cfbundle; includeInIndex = 0; path = DiffrentCustomTabBarUITests.xctest; sourceTree = BUILT_PRODUCTS_DIR; };
		DD78C82F2119A4290042098F /* DiffrentCustomTabBarUITests.m */ = {isa = PBXFileReference; lastKnownFileType = sourcecode.c.objc; path = DiffrentCustomTabBarUITests.m; sourceTree = "<group>"; };
		DD78C8312119A4290042098F /* Info.plist */ = {isa = PBXFileReference; lastKnownFileType = text.plist.xml; path = Info.plist; sourceTree = "<group>"; };
		DD78C83D2119A49E0042098F /* RootTabBarViewController.h */ = {isa = PBXFileReference; lastKnownFileType = sourcecode.c.h; path = RootTabBarViewController.h; sourceTree = "<group>"; };
		DD78C83E2119A49E0042098F /* RootTabBarViewController.m */ = {isa = PBXFileReference; lastKnownFileType = sourcecode.c.objc; path = RootTabBarViewController.m; sourceTree = "<group>"; };
		DD78C8402119A4B80042098F /* CustomTabBar.h */ = {isa = PBXFileReference; lastKnownFileType = sourcecode.c.h; path = CustomTabBar.h; sourceTree = "<group>"; };
		DD78C8412119A4B80042098F /* CustomTabBar.m */ = {isa = PBXFileReference; lastKnownFileType = sourcecode.c.objc; path = CustomTabBar.m; sourceTree = "<group>"; };
		DD78C8442119A81D0042098F /* BaseNavViewController.h */ = {isa = PBXFileReference; lastKnownFileType = sourcecode.c.h; path = BaseNavViewController.h; sourceTree = "<group>"; };
		DD78C8452119A81D0042098F /* BaseNavViewController.m */ = {isa = PBXFileReference; lastKnownFileType = sourcecode.c.objc; path = BaseNavViewController.m; sourceTree = "<group>"; };
		DD78C8472119A85C0042098F /* DiffrentCustomTabBar.pch */ = {isa = PBXFileReference; lastKnownFileType = sourcecode.c.h; path = DiffrentCustomTabBar.pch; sourceTree = "<group>"; };
		DD78C8492119A8DB0042098F /* RuleMacros.h */ = {isa = PBXFileReference; lastKnownFileType = sourcecode.c.h; path = RuleMacros.h; sourceTree = "<group>"; };
		DD78C84A2119A9AD0042098F /* UIViewExt.h */ = {isa = PBXFileReference; fileEncoding = 4; lastKnownFileType = sourcecode.c.h; path = UIViewExt.h; sourceTree = "<group>"; };
		DD78C84B2119A9AD0042098F /* UIViewExt.m */ = {isa = PBXFileReference; fileEncoding = 4; lastKnownFileType = sourcecode.c.objc; path = UIViewExt.m; sourceTree = "<group>"; };
		DD78C84D2119A9B50042098F /* UIView+TYCViewController.h */ = {isa = PBXFileReference; fileEncoding = 4; lastKnownFileType = sourcecode.c.h; path = "UIView+TYCViewController.h"; sourceTree = "<group>"; };
		DD78C84E2119A9B50042098F /* UIView+TYCViewController.m */ = {isa = PBXFileReference; fileEncoding = 4; lastKnownFileType = sourcecode.c.objc; path = "UIView+TYCViewController.m"; sourceTree = "<group>"; };
		DD78C8502119A9ED0042098F /* UIColor+Hex.m */ = {isa = PBXFileReference; fileEncoding = 4; lastKnownFileType = sourcecode.c.objc; path = "UIColor+Hex.m"; sourceTree = "<group>"; };
		DD78C8512119A9ED0042098F /* UIColor+Hex.h */ = {isa = PBXFileReference; fileEncoding = 4; lastKnownFileType = sourcecode.c.h; path = "UIColor+Hex.h"; sourceTree = "<group>"; };
		DD78C8532119A9F90042098F /* NSArray+Extension.m */ = {isa = PBXFileReference; fileEncoding = 4; lastKnownFileType = sourcecode.c.objc; path = "NSArray+Extension.m"; sourceTree = "<group>"; };
		DD78C8542119A9FA0042098F /* NSArray+Extension.h */ = {isa = PBXFileReference; fileEncoding = 4; lastKnownFileType = sourcecode.c.h; path = "NSArray+Extension.h"; sourceTree = "<group>"; };
		DD78C8552119A9FA0042098F /* NSDictionary+Extension.h */ = {isa = PBXFileReference; fileEncoding = 4; lastKnownFileType = sourcecode.c.h; path = "NSDictionary+Extension.h"; sourceTree = "<group>"; };
		DD78C8562119A9FA0042098F /* NSDictionary+Extension.m */ = {isa = PBXFileReference; fileEncoding = 4; lastKnownFileType = sourcecode.c.objc; path = "NSDictionary+Extension.m"; sourceTree = "<group>"; };
		DD78C8592119AA460042098F /* HeaderFile.h */ = {isa = PBXFileReference; lastKnownFileType = sourcecode.c.h; path = HeaderFile.h; sourceTree = "<group>"; };
		DD78C85B211A77F50042098F /* RootTabBarSecondViewController.h */ = {isa = PBXFileReference; lastKnownFileType = sourcecode.c.h; path = RootTabBarSecondViewController.h; sourceTree = "<group>"; };
		DD78C85C211A77F50042098F /* RootTabBarSecondViewController.m */ = {isa = PBXFileReference; lastKnownFileType = sourcecode.c.objc; path = RootTabBarSecondViewController.m; sourceTree = "<group>"; };
		DD78C85E211A78530042098F /* BaseNavigationViewController.h */ = {isa = PBXFileReference; lastKnownFileType = sourcecode.c.h; path = BaseNavigationViewController.h; sourceTree = "<group>"; };
		DD78C85F211A78530042098F /* BaseNavigationViewController.m */ = {isa = PBXFileReference; lastKnownFileType = sourcecode.c.objc; path = BaseNavigationViewController.m; sourceTree = "<group>"; };
		DD78C861211A78690042098F /* BaseViewController.h */ = {isa = PBXFileReference; lastKnownFileType = sourcecode.c.h; path = BaseViewController.h; sourceTree = "<group>"; };
		DD78C862211A78690042098F /* BaseViewController.m */ = {isa = PBXFileReference; lastKnownFileType = sourcecode.c.objc; path = BaseViewController.m; sourceTree = "<group>"; };
		DD78C864211A78990042098F /* CustomSecondTabBar.h */ = {isa = PBXFileReference; lastKnownFileType = sourcecode.c.h; path = CustomSecondTabBar.h; sourceTree = "<group>"; };
		DD78C865211A78990042098F /* CustomSecondTabBar.m */ = {isa = PBXFileReference; lastKnownFileType = sourcecode.c.objc; path = CustomSecondTabBar.m; sourceTree = "<group>"; };
		DD78C867211A79D60042098F /* CustomSecondBarButton.h */ = {isa = PBXFileReference; lastKnownFileType = sourcecode.c.h; path = CustomSecondBarButton.h; sourceTree = "<group>"; };
		DD78C868211A79D60042098F /* CustomSecondBarButton.m */ = {isa = PBXFileReference; lastKnownFileType = sourcecode.c.objc; path = CustomSecondBarButton.m; sourceTree = "<group>"; };
		DD78C86A211A7AA70042098F /* CenterViewController.h */ = {isa = PBXFileReference; lastKnownFileType = sourcecode.c.h; path = CenterViewController.h; sourceTree = "<group>"; };
		DD78C86B211A7AA70042098F /* CenterViewController.m */ = {isa = PBXFileReference; lastKnownFileType = sourcecode.c.objc; path = CenterViewController.m; sourceTree = "<group>"; };
		DD78C86D211A7CCF0042098F /* NavigationBarView.h */ = {isa = PBXFileReference; lastKnownFileType = sourcecode.c.h; path = NavigationBarView.h; sourceTree = "<group>"; };
		DD78C86E211A7CCF0042098F /* NavigationBarView.m */ = {isa = PBXFileReference; lastKnownFileType = sourcecode.c.objc; path = NavigationBarView.m; sourceTree = "<group>"; };
		DD78C870211A7DD70042098F /* UIImage+Extension.h */ = {isa = PBXFileReference; lastKnownFileType = sourcecode.c.h; path = "UIImage+Extension.h"; sourceTree = "<group>"; };
		DD78C871211A7DD70042098F /* UIImage+Extension.m */ = {isa = PBXFileReference; lastKnownFileType = sourcecode.c.objc; path = "UIImage+Extension.m"; sourceTree = "<group>"; };
/* End PBXFileReference section */

/* Begin PBXFrameworksBuildPhase section */
		DD78C8052119A41D0042098F /* Frameworks */ = {
			isa = PBXFrameworksBuildPhase;
			buildActionMask = 2147483647;
			files = (
			);
			runOnlyForDeploymentPostprocessing = 0;
		};
		DD78C81D2119A4290042098F /* Frameworks */ = {
			isa = PBXFrameworksBuildPhase;
			buildActionMask = 2147483647;
			files = (
			);
			runOnlyForDeploymentPostprocessing = 0;
		};
		DD78C8282119A4290042098F /* Frameworks */ = {
			isa = PBXFrameworksBuildPhase;
			buildActionMask = 2147483647;
			files = (
			);
			runOnlyForDeploymentPostprocessing = 0;
		};
/* End PBXFrameworksBuildPhase section */

/* Begin PBXGroup section */
		DD78C7FF2119A41D0042098F = {
			isa = PBXGroup;
			children = (
				DD78C80A2119A41D0042098F /* DiffrentCustomTabBar */,
				DD78C8232119A4290042098F /* DiffrentCustomTabBarTests */,
				DD78C82E2119A4290042098F /* DiffrentCustomTabBarUITests */,
				DD78C8092119A41D0042098F /* Products */,
			);
			sourceTree = "<group>";
		};
		DD78C8092119A41D0042098F /* Products */ = {
			isa = PBXGroup;
			children = (
				DD78C8082119A41D0042098F /* DiffrentCustomTabBar.app */,
				DD78C8202119A4290042098F /* DiffrentCustomTabBarTests.xctest */,
				DD78C82B2119A4290042098F /* DiffrentCustomTabBarUITests.xctest */,
			);
			name = Products;
			sourceTree = "<group>";
		};
		DD78C80A2119A41D0042098F /* DiffrentCustomTabBar */ = {
			isa = PBXGroup;
			children = (
				DD78C80B2119A41D0042098F /* AppDelegate.h */,
				DD78C80C2119A41D0042098F /* AppDelegate.m */,
				DD78C80E2119A41D0042098F /* ViewController.h */,
				DD78C80F2119A41D0042098F /* ViewController.m */,
				DD78C86A211A7AA70042098F /* CenterViewController.h */,
				DD78C86B211A7AA70042098F /* CenterViewController.m */,
				DD78C8472119A85C0042098F /* DiffrentCustomTabBar.pch */,
				DD78C8482119A8C50042098F /* Tools */,
				DD78C85A211A777A0042098F /* BaseClass */,
				DD78C8432119A7D60042098F /* Base */,
				DD78C8112119A41D0042098F /* Main.storyboard */,
				DD78C8142119A4290042098F /* Assets.xcassets */,
				DD78C8162119A4290042098F /* LaunchScreen.storyboard */,
				DD78C8192119A4290042098F /* Info.plist */,
				DD78C81A2119A4290042098F /* main.m */,
			);
			path = DiffrentCustomTabBar;
			sourceTree = "<group>";
		};
		DD78C8232119A4290042098F /* DiffrentCustomTabBarTests */ = {
			isa = PBXGroup;
			children = (
				DD78C8242119A4290042098F /* DiffrentCustomTabBarTests.m */,
				DD78C8262119A4290042098F /* Info.plist */,
			);
			path = DiffrentCustomTabBarTests;
			sourceTree = "<group>";
		};
		DD78C82E2119A4290042098F /* DiffrentCustomTabBarUITests */ = {
			isa = PBXGroup;
			children = (
				DD78C82F2119A4290042098F /* DiffrentCustomTabBarUITests.m */,
				DD78C8312119A4290042098F /* Info.plist */,
			);
			path = DiffrentCustomTabBarUITests;
			sourceTree = "<group>";
		};
		DD78C8432119A7D60042098F /* Base */ = {
			isa = PBXGroup;
			children = (
				DD78C876211A7E900042098F /* Views */,
				DD78C875211A7E8D0042098F /* Controllers */,
			);
			path = Base;
			sourceTree = "<group>";
		};
		DD78C8482119A8C50042098F /* Tools */ = {
			isa = PBXGroup;
			children = (
				DD78C8592119AA460042098F /* HeaderFile.h */,
				DD78C8492119A8DB0042098F /* RuleMacros.h */,
				DD78C84D2119A9B50042098F /* UIView+TYCViewController.h */,
				DD78C84E2119A9B50042098F /* UIView+TYCViewController.m */,
				DD78C84A2119A9AD0042098F /* UIViewExt.h */,
				DD78C84B2119A9AD0042098F /* UIViewExt.m */,
				DD78C8512119A9ED0042098F /* UIColor+Hex.h */,
				DD78C8502119A9ED0042098F /* UIColor+Hex.m */,
				DD78C8542119A9FA0042098F /* NSArray+Extension.h */,
				DD78C8532119A9F90042098F /* NSArray+Extension.m */,
				DD78C8552119A9FA0042098F /* NSDictionary+Extension.h */,
				DD78C8562119A9FA0042098F /* NSDictionary+Extension.m */,
				DD78C870211A7DD70042098F /* UIImage+Extension.h */,
				DD78C871211A7DD70042098F /* UIImage+Extension.m */,
			);
			path = Tools;
			sourceTree = "<group>";
		};
		DD78C85A211A777A0042098F /* BaseClass */ = {
			isa = PBXGroup;
			children = (
				DD78C874211A7E5E0042098F /* Views */,
				DD78C873211A7E5A0042098F /* Controllers */,
			);
			path = BaseClass;
			sourceTree = "<group>";
		};
		DD78C873211A7E5A0042098F /* Controllers */ = {
			isa = PBXGroup;
			children = (
				DD78C85B211A77F50042098F /* RootTabBarSecondViewController.h */,
				DD78C85C211A77F50042098F /* RootTabBarSecondViewController.m */,
				DD78C85E211A78530042098F /* BaseNavigationViewController.h */,
				DD78C85F211A78530042098F /* BaseNavigationViewController.m */,
				DD78C861211A78690042098F /* BaseViewController.h */,
				DD78C862211A78690042098F /* BaseViewController.m */,
			);
			path = Controllers;
			sourceTree = "<group>";
		};
		DD78C874211A7E5E0042098F /* Views */ = {
			isa = PBXGroup;
			children = (
				DD78C864211A78990042098F /* CustomSecondTabBar.h */,
				DD78C865211A78990042098F /* CustomSecondTabBar.m */,
				DD78C867211A79D60042098F /* CustomSecondBarButton.h */,
				DD78C868211A79D60042098F /* CustomSecondBarButton.m */,
				DD78C86D211A7CCF0042098F /* NavigationBarView.h */,
				DD78C86E211A7CCF0042098F /* NavigationBarView.m */,
			);
			path = Views;
			sourceTree = "<group>";
		};
		DD78C875211A7E8D0042098F /* Controllers */ = {
			isa = PBXGroup;
			children = (
				DD78C83D2119A49E0042098F /* RootTabBarViewController.h */,
				DD78C83E2119A49E0042098F /* RootTabBarViewController.m */,
				DD78C8442119A81D0042098F /* BaseNavViewController.h */,
				DD78C8452119A81D0042098F /* BaseNavViewController.m */,
			);
			path = Controllers;
			sourceTree = "<group>";
		};
		DD78C876211A7E900042098F /* Views */ = {
			isa = PBXGroup;
			children = (
				DD78C8402119A4B80042098F /* CustomTabBar.h */,
				DD78C8412119A4B80042098F /* CustomTabBar.m */,
			);
			path = Views;
			sourceTree = "<group>";
		};
/* End PBXGroup section */

/* Begin PBXNativeTarget section */
		DD78C8072119A41D0042098F /* DiffrentCustomTabBar */ = {
			isa = PBXNativeTarget;
			buildConfigurationList = DD78C8342119A4290042098F /* Build configuration list for PBXNativeTarget "DiffrentCustomTabBar" */;
			buildPhases = (
				DD78C8042119A41D0042098F /* Sources */,
				DD78C8052119A41D0042098F /* Frameworks */,
				DD78C8062119A41D0042098F /* Resources */,
			);
			buildRules = (
			);
			dependencies = (
			);
			name = DiffrentCustomTabBar;
			productName = DiffrentCustomTabBar;
			productReference = DD78C8082119A41D0042098F /* DiffrentCustomTabBar.app */;
			productType = "com.apple.product-type.application";
		};
		DD78C81F2119A4290042098F /* DiffrentCustomTabBarTests */ = {
			isa = PBXNativeTarget;
			buildConfigurationList = DD78C8372119A4290042098F /* Build configuration list for PBXNativeTarget "DiffrentCustomTabBarTests" */;
			buildPhases = (
				DD78C81C2119A4290042098F /* Sources */,
				DD78C81D2119A4290042098F /* Frameworks */,
				DD78C81E2119A4290042098F /* Resources */,
			);
			buildRules = (
			);
			dependencies = (
				DD78C8222119A4290042098F /* PBXTargetDependency */,
			);
			name = DiffrentCustomTabBarTests;
			productName = DiffrentCustomTabBarTests;
			productReference = DD78C8202119A4290042098F /* DiffrentCustomTabBarTests.xctest */;
			productType = "com.apple.product-type.bundle.unit-test";
		};
		DD78C82A2119A4290042098F /* DiffrentCustomTabBarUITests */ = {
			isa = PBXNativeTarget;
			buildConfigurationList = DD78C83A2119A4290042098F /* Build configuration list for PBXNativeTarget "DiffrentCustomTabBarUITests" */;
			buildPhases = (
				DD78C8272119A4290042098F /* Sources */,
				DD78C8282119A4290042098F /* Frameworks */,
				DD78C8292119A4290042098F /* Resources */,
			);
			buildRules = (
			);
			dependencies = (
				DD78C82D2119A4290042098F /* PBXTargetDependency */,
			);
			name = DiffrentCustomTabBarUITests;
			productName = DiffrentCustomTabBarUITests;
			productReference = DD78C82B2119A4290042098F /* DiffrentCustomTabBarUITests.xctest */;
			productType = "com.apple.product-type.bundle.ui-testing";
		};
/* End PBXNativeTarget section */

/* Begin PBXProject section */
		DD78C8002119A41D0042098F /* Project object */ = {
			isa = PBXProject;
			attributes = {
				LastUpgradeCheck = 0940;
				ORGANIZATIONNAME = tangyunchuan;
				TargetAttributes = {
					DD78C8072119A41D0042098F = {
						CreatedOnToolsVersion = 9.4.1;
					};
					DD78C81F2119A4290042098F = {
						CreatedOnToolsVersion = 9.4.1;
						TestTargetID = DD78C8072119A41D0042098F;
					};
					DD78C82A2119A4290042098F = {
						CreatedOnToolsVersion = 9.4.1;
						TestTargetID = DD78C8072119A41D0042098F;
					};
				};
			};
			buildConfigurationList = DD78C8032119A41D0042098F /* Build configuration list for PBXProject "DiffrentCustomTabBar" */;
			compatibilityVersion = "Xcode 9.3";
			developmentRegion = en;
			hasScannedForEncodings = 0;
			knownRegions = (
				en,
				Base,
			);
			mainGroup = DD78C7FF2119A41D0042098F;
			productRefGroup = DD78C8092119A41D0042098F /* Products */;
			projectDirPath = "";
			projectRoot = "";
			targets = (
				DD78C8072119A41D0042098F /* DiffrentCustomTabBar */,
				DD78C81F2119A4290042098F /* DiffrentCustomTabBarTests */,
				DD78C82A2119A4290042098F /* DiffrentCustomTabBarUITests */,
			);
		};
/* End PBXProject section */

/* Begin PBXResourcesBuildPhase section */
		DD78C8062119A41D0042098F /* Resources */ = {
			isa = PBXResourcesBuildPhase;
			buildActionMask = 2147483647;
			files = (
				DD78C8182119A4290042098F /* LaunchScreen.storyboard in Resources */,
				DD78C8152119A4290042098F /* Assets.xcassets in Resources */,
				DD78C8132119A41D0042098F /* Main.storyboard in Resources */,
			);
			runOnlyForDeploymentPostprocessing = 0;
		};
		DD78C81E2119A4290042098F /* Resources */ = {
			isa = PBXResourcesBuildPhase;
			buildActionMask = 2147483647;
			files = (
			);
			runOnlyForDeploymentPostprocessing = 0;
		};
		DD78C8292119A4290042098F /* Resources */ = {
			isa = PBXResourcesBuildPhase;
			buildActionMask = 2147483647;
			files = (
			);
			runOnlyForDeploymentPostprocessing = 0;
		};
/* End PBXResourcesBuildPhase section */

/* Begin PBXSourcesBuildPhase section */
		DD78C8042119A41D0042098F /* Sources */ = {
			isa = PBXSourcesBuildPhase;
			buildActionMask = 2147483647;
			files = (
				DD78C86C211A7AA70042098F /* CenterViewController.m in Sources */,
				DD78C84F2119A9B50042098F /* UIView+TYCViewController.m in Sources */,
				DD78C84C2119A9AD0042098F /* UIViewExt.m in Sources */,
				DD78C83F2119A49E0042098F /* RootTabBarViewController.m in Sources */,
				DD78C8102119A41D0042098F /* ViewController.m in Sources */,
				DD78C85D211A77F50042098F /* RootTabBarSecondViewController.m in Sources */,
				DD78C866211A78990042098F /* CustomSecondTabBar.m in Sources */,
				DD78C872211A7DD70042098F /* UIImage+Extension.m in Sources */,
				DD78C863211A78690042098F /* BaseViewController.m in Sources */,
				DD78C8522119A9ED0042098F /* UIColor+Hex.m in Sources */,
				DD78C81B2119A4290042098F /* main.m in Sources */,
				DD78C86F211A7CCF0042098F /* NavigationBarView.m in Sources */,
				DD78C8572119A9FA0042098F /* NSArray+Extension.m in Sources */,
				DD78C869211A79D60042098F /* CustomSecondBarButton.m in Sources */,
				DD78C8422119A4B80042098F /* CustomTabBar.m in Sources */,
				DD78C80D2119A41D0042098F /* AppDelegate.m in Sources */,
				DD78C860211A78530042098F /* BaseNavigationViewController.m in Sources */,
				DD78C8462119A81D0042098F /* BaseNavViewController.m in Sources */,
				DD78C8582119A9FA0042098F /* NSDictionary+Extension.m in Sources */,
			);
			runOnlyForDeploymentPostprocessing = 0;
		};
		DD78C81C2119A4290042098F /* Sources */ = {
			isa = PBXSourcesBuildPhase;
			buildActionMask = 2147483647;
			files = (
				DD78C8252119A4290042098F /* DiffrentCustomTabBarTests.m in Sources */,
			);
			runOnlyForDeploymentPostprocessing = 0;
		};
		DD78C8272119A4290042098F /* Sources */ = {
			isa = PBXSourcesBuildPhase;
			buildActionMask = 2147483647;
			files = (
				DD78C8302119A4290042098F /* DiffrentCustomTabBarUITests.m in Sources */,
			);
			runOnlyForDeploymentPostprocessing = 0;
		};
/* End PBXSourcesBuildPhase section */

/* Begin PBXTargetDependency section */
		DD78C8222119A4290042098F /* PBXTargetDependency */ = {
			isa = PBXTargetDependency;
			target = DD78C8072119A41D0042098F /* DiffrentCustomTabBar */;
			targetProxy = DD78C8212119A4290042098F /* PBXContainerItemProxy */;
		};
		DD78C82D2119A4290042098F /* PBXTargetDependency */ = {
			isa = PBXTargetDependency;
			target = DD78C8072119A41D0042098F /* DiffrentCustomTabBar */;
			targetProxy = DD78C82C2119A4290042098F /* PBXContainerItemProxy */;
		};
/* End PBXTargetDependency section */

/* Begin PBXVariantGroup section */
		DD78C8112119A41D0042098F /* Main.storyboard */ = {
			isa = PBXVariantGroup;
			children = (
				DD78C8122119A41D0042098F /* Base */,
			);
			name = Main.storyboard;
			sourceTree = "<group>";
		};
		DD78C8162119A4290042098F /* LaunchScreen.storyboard */ = {
			isa = PBXVariantGroup;
			children = (
				DD78C8172119A4290042098F /* Base */,
			);
			name = LaunchScreen.storyboard;
			sourceTree = "<group>";
		};
/* End PBXVariantGroup section */

/* Begin XCBuildConfiguration section */
		DD78C8322119A4290042098F /* Debug */ = {
			isa = XCBuildConfiguration;
			buildSettings = {
				ALWAYS_SEARCH_USER_PATHS = NO;
				CLANG_ANALYZER_NONNULL = YES;
				CLANG_ANALYZER_NUMBER_OBJECT_CONVERSION = YES_AGGRESSIVE;
				CLANG_CXX_LANGUAGE_STANDARD = "gnu++14";
				CLANG_CXX_LIBRARY = "libc++";
				CLANG_ENABLE_MODULES = YES;
				CLANG_ENABLE_OBJC_ARC = YES;
				CLANG_ENABLE_OBJC_WEAK = YES;
				CLANG_WARN_BLOCK_CAPTURE_AUTORELEASING = YES;
				CLANG_WARN_BOOL_CONVERSION = YES;
				CLANG_WARN_COMMA = YES;
				CLANG_WARN_CONSTANT_CONVERSION = YES;
				CLANG_WARN_DEPRECATED_OBJC_IMPLEMENTATIONS = YES;
				CLANG_WARN_DIRECT_OBJC_ISA_USAGE = YES_ERROR;
				CLANG_WARN_DOCUMENTATION_COMMENTS = YES;
				CLANG_WARN_EMPTY_BODY = YES;
				CLANG_WARN_ENUM_CONVERSION = YES;
				CLANG_WARN_INFINITE_RECURSION = YES;
				CLANG_WARN_INT_CONVERSION = YES;
				CLANG_WARN_NON_LITERAL_NULL_CONVERSION = YES;
				CLANG_WARN_OBJC_IMPLICIT_RETAIN_SELF = YES;
				CLANG_WARN_OBJC_LITERAL_CONVERSION = YES;
				CLANG_WARN_OBJC_ROOT_CLASS = YES_ERROR;
				CLANG_WARN_RANGE_LOOP_ANALYSIS = YES;
				CLANG_WARN_STRICT_PROTOTYPES = YES;
				CLANG_WARN_SUSPICIOUS_MOVE = YES;
				CLANG_WARN_UNGUARDED_AVAILABILITY = YES_AGGRESSIVE;
				CLANG_WARN_UNREACHABLE_CODE = YES;
				CLANG_WARN__DUPLICATE_METHOD_MATCH = YES;
				CODE_SIGN_IDENTITY = "iPhone Developer";
				COPY_PHASE_STRIP = NO;
				DEBUG_INFORMATION_FORMAT = dwarf;
				ENABLE_STRICT_OBJC_MSGSEND = YES;
				ENABLE_TESTABILITY = YES;
				GCC_C_LANGUAGE_STANDARD = gnu11;
				GCC_DYNAMIC_NO_PIC = NO;
				GCC_NO_COMMON_BLOCKS = YES;
				GCC_OPTIMIZATION_LEVEL = 0;
				GCC_PREPROCESSOR_DEFINITIONS = (
					"DEBUG=1",
					"$(inherited)",
				);
				GCC_WARN_64_TO_32_BIT_CONVERSION = YES;
				GCC_WARN_ABOUT_RETURN_TYPE = YES_ERROR;
				GCC_WARN_UNDECLARED_SELECTOR = YES;
				GCC_WARN_UNINITIALIZED_AUTOS = YES_AGGRESSIVE;
				GCC_WARN_UNUSED_FUNCTION = YES;
				GCC_WARN_UNUSED_VARIABLE = YES;
				IPHONEOS_DEPLOYMENT_TARGET = 11.4;
				MTL_ENABLE_DEBUG_INFO = YES;
				ONLY_ACTIVE_ARCH = YES;
				SDKROOT = iphoneos;
			};
			name = Debug;
		};
		DD78C8332119A4290042098F /* Release */ = {
			isa = XCBuildConfiguration;
			buildSettings = {
				ALWAYS_SEARCH_USER_PATHS = NO;
				CLANG_ANALYZER_NONNULL = YES;
				CLANG_ANALYZER_NUMBER_OBJECT_CONVERSION = YES_AGGRESSIVE;
				CLANG_CXX_LANGUAGE_STANDARD = "gnu++14";
				CLANG_CXX_LIBRARY = "libc++";
				CLANG_ENABLE_MODULES = YES;
				CLANG_ENABLE_OBJC_ARC = YES;
				CLANG_ENABLE_OBJC_WEAK = YES;
				CLANG_WARN_BLOCK_CAPTURE_AUTORELEASING = YES;
				CLANG_WARN_BOOL_CONVERSION = YES;
				CLANG_WARN_COMMA = YES;
				CLANG_WARN_CONSTANT_CONVERSION = YES;
				CLANG_WARN_DEPRECATED_OBJC_IMPLEMENTATIONS = YES;
				CLANG_WARN_DIRECT_OBJC_ISA_USAGE = YES_ERROR;
				CLANG_WARN_DOCUMENTATION_COMMENTS = YES;
				CLANG_WARN_EMPTY_BODY = YES;
				CLANG_WARN_ENUM_CONVERSION = YES;
				CLANG_WARN_INFINITE_RECURSION = YES;
				CLANG_WARN_INT_CONVERSION = YES;
				CLANG_WARN_NON_LITERAL_NULL_CONVERSION = YES;
				CLANG_WARN_OBJC_IMPLICIT_RETAIN_SELF = YES;
				CLANG_WARN_OBJC_LITERAL_CONVERSION = YES;
				CLANG_WARN_OBJC_ROOT_CLASS = YES_ERROR;
				CLANG_WARN_RANGE_LOOP_ANALYSIS = YES;
				CLANG_WARN_STRICT_PROTOTYPES = YES;
				CLANG_WARN_SUSPICIOUS_MOVE = YES;
				CLANG_WARN_UNGUARDED_AVAILABILITY = YES_AGGRESSIVE;
				CLANG_WARN_UNREACHABLE_CODE = YES;
				CLANG_WARN__DUPLICATE_METHOD_MATCH = YES;
				CODE_SIGN_IDENTITY = "iPhone Developer";
				COPY_PHASE_STRIP = NO;
				DEBUG_INFORMATION_FORMAT = "dwarf-with-dsym";
				ENABLE_NS_ASSERTIONS = NO;
				ENABLE_STRICT_OBJC_MSGSEND = YES;
				GCC_C_LANGUAGE_STANDARD = gnu11;
				GCC_NO_COMMON_BLOCKS = YES;
				GCC_WARN_64_TO_32_BIT_CONVERSION = YES;
				GCC_WARN_ABOUT_RETURN_TYPE = YES_ERROR;
				GCC_WARN_UNDECLARED_SELECTOR = YES;
				GCC_WARN_UNINITIALIZED_AUTOS = YES_AGGRESSIVE;
				GCC_WARN_UNUSED_FUNCTION = YES;
				GCC_WARN_UNUSED_VARIABLE = YES;
				IPHONEOS_DEPLOYMENT_TARGET = 11.4;
				MTL_ENABLE_DEBUG_INFO = NO;
				SDKROOT = iphoneos;
				VALIDATE_PRODUCT = YES;
			};
			name = Release;
		};
		DD78C8352119A4290042098F /* Debug */ = {
			isa = XCBuildConfiguration;
			buildSettings = {
				ASSETCATALOG_COMPILER_APPICON_NAME = AppIcon;
				CODE_SIGN_STYLE = Automatic;
				DEVELOPMENT_TEAM = 832LY843KW;
				GCC_PRECOMPILE_PREFIX_HEADER = YES;
				GCC_PREFIX_HEADER = DiffrentCustomTabBar/DiffrentCustomTabBar.pch;
				INFOPLIST_FILE = DiffrentCustomTabBar/Info.plist;
				LD_RUNPATH_SEARCH_PATHS = (
					"$(inherited)",
					"@executable_path/Frameworks",
				);
				PRODUCT_BUNDLE_IDENTIFIER = com.goldShield.DiffrentCustomTabBar;
				PRODUCT_NAME = "$(TARGET_NAME)";
				TARGETED_DEVICE_FAMILY = "1,2";
			};
			name = Debug;
		};
		DD78C8362119A4290042098F /* Release */ = {
			isa = XCBuildConfiguration;
			buildSettings = {
				ASSETCATALOG_COMPILER_APPICON_NAME = AppIcon;
				CODE_SIGN_STYLE = Automatic;
				DEVELOPMENT_TEAM = 832LY843KW;
				GCC_PRECOMPILE_PREFIX_HEADER = YES;
				GCC_PREFIX_HEADER = DiffrentCustomTabBar/DiffrentCustomTabBar.pch;
				INFOPLIST_FILE = DiffrentCustomTabBar/Info.plist;
				LD_RUNPATH_SEARCH_PATHS = (
					"$(inherited)",
					"@executable_path/Frameworks",
				);
				PRODUCT_BUNDLE_IDENTIFIER = com.goldShield.DiffrentCustomTabBar;
				PRODUCT_NAME = "$(TARGET_NAME)";
				TARGETED_DEVICE_FAMILY = "1,2";
			};
			name = Release;
		};
		DD78C8382119A4290042098F /* Debug */ = {
			isa = XCBuildConfiguration;
			buildSettings = {
				BUNDLE_LOADER = "$(TEST_HOST)";
				CODE_SIGN_STYLE = Automatic;
				DEVELOPMENT_TEAM = 832LY843KW;
				INFOPLIST_FILE = DiffrentCustomTabBarTests/Info.plist;
				LD_RUNPATH_SEARCH_PATHS = (
					"$(inherited)",
					"@executable_path/Frameworks",
					"@loader_path/Frameworks",
				);
				PRODUCT_BUNDLE_IDENTIFIER = com.goldShield.DiffrentCustomTabBarTests;
				PRODUCT_NAME = "$(TARGET_NAME)";
				TARGETED_DEVICE_FAMILY = "1,2";
				TEST_HOST = "$(BUILT_PRODUCTS_DIR)/DiffrentCustomTabBar.app/DiffrentCustomTabBar";
			};
			name = Debug;
		};
		DD78C8392119A4290042098F /* Release */ = {
			isa = XCBuildConfiguration;
			buildSettings = {
				BUNDLE_LOADER = "$(TEST_HOST)";
				CODE_SIGN_STYLE = Automatic;
				DEVELOPMENT_TEAM = 832LY843KW;
				INFOPLIST_FILE = DiffrentCustomTabBarTests/Info.plist;
				LD_RUNPATH_SEARCH_PATHS = (
					"$(inherited)",
					"@executable_path/Frameworks",
					"@loader_path/Frameworks",
				);
				PRODUCT_BUNDLE_IDENTIFIER = com.goldShield.DiffrentCustomTabBarTests;
				PRODUCT_NAME = "$(TARGET_NAME)";
				TARGETED_DEVICE_FAMILY = "1,2";
				TEST_HOST = "$(BUILT_PRODUCTS_DIR)/DiffrentCustomTabBar.app/DiffrentCustomTabBar";
			};
			name = Release;
		};
		DD78C83B2119A4290042098F /* Debug */ = {
			isa = XCBuildConfiguration;
			buildSettings = {
				CODE_SIGN_STYLE = Automatic;
				DEVELOPMENT_TEAM = 832LY843KW;
				INFOPLIST_FILE = DiffrentCustomTabBarUITests/Info.plist;
				LD_RUNPATH_SEARCH_PATHS = (
					"$(inherited)",
					"@executable_path/Frameworks",
					"@loader_path/Frameworks",
				);
				PRODUCT_BUNDLE_IDENTIFIER = com.goldShield.DiffrentCustomTabBarUITests;
				PRODUCT_NAME = "$(TARGET_NAME)";
				TARGETED_DEVICE_FAMILY = "1,2";
				TEST_TARGET_NAME = DiffrentCustomTabBar;
			};
			name = Debug;
		};
		DD78C83C2119A4290042098F /* Release */ = {
			isa = XCBuildConfiguration;
			buildSettings = {
				CODE_SIGN_STYLE = Automatic;
				DEVELOPMENT_TEAM = 832LY843KW;
				INFOPLIST_FILE = DiffrentCustomTabBarUITests/Info.plist;
				LD_RUNPATH_SEARCH_PATHS = (
					"$(inherited)",
					"@executable_path/Frameworks",
					"@loader_path/Frameworks",
				);
				PRODUCT_BUNDLE_IDENTIFIER = com.goldShield.DiffrentCustomTabBarUITests;
				PRODUCT_NAME = "$(TARGET_NAME)";
				TARGETED_DEVICE_FAMILY = "1,2";
				TEST_TARGET_NAME = DiffrentCustomTabBar;
			};
			name = Release;
		};
/* End XCBuildConfiguration section */

/* Begin XCConfigurationList section */
		DD78C8032119A41D0042098F /* Build configuration list for PBXProject "DiffrentCustomTabBar" */ = {
			isa = XCConfigurationList;
			buildConfigurations = (
				DD78C8322119A4290042098F /* Debug */,
				DD78C8332119A4290042098F /* Release */,
			);
			defaultConfigurationIsVisible = 0;
			defaultConfigurationName = Release;
		};
		DD78C8342119A4290042098F /* Build configuration list for PBXNativeTarget "DiffrentCustomTabBar" */ = {
			isa = XCConfigurationList;
			buildConfigurations = (
				DD78C8352119A4290042098F /* Debug */,
				DD78C8362119A4290042098F /* Release */,
			);
			defaultConfigurationIsVisible = 0;
			defaultConfigurationName = Release;
		};
		DD78C8372119A4290042098F /* Build configuration list for PBXNativeTarget "DiffrentCustomTabBarTests" */ = {
			isa = XCConfigurationList;
			buildConfigurations = (
				DD78C8382119A4290042098F /* Debug */,
				DD78C8392119A4290042098F /* Release */,
			);
			defaultConfigurationIsVisible = 0;
			defaultConfigurationName = Release;
		};
		DD78C83A2119A4290042098F /* Build configuration list for PBXNativeTarget "DiffrentCustomTabBarUITests" */ = {
			isa = XCConfigurationList;
			buildConfigurations = (
				DD78C83B2119A4290042098F /* Debug */,
				DD78C83C2119A4290042098F /* Release */,
			);
			defaultConfigurationIsVisible = 0;
			defaultConfigurationName = Release;
		};
/* End XCConfigurationList section */
	};
	rootObject = DD78C8002119A41D0042098F /* Project object */;
}
